{
  "name": "@web-atoms/storage",
  "version": "1.0.2",
  "lockfileVersion": 1,
  "requires": true,
  "dependencies": {
    "golden-layout": {
      "version": "1.5.9",
      "resolved": "https://registry.npmjs.org/golden-layout/-/golden-layout-1.5.9.tgz",
      "integrity": "sha1-o5vB9qZ+b4hreXwBbdkk6UJrp38=",
      "requires": {
        "jquery": "*"
      }
    },
    "jquery": {
      "version": "3.4.1",
      "resolved": "https://registry.npmjs.org/jquery/-/jquery-3.4.1.tgz",
      "integrity": "sha512-36+AdBzCL+y6qjw5Tx7HgzeGCzC81MDDgaUP8ld2zhx58HdqXGoBd+tHdrBMiyjGQs0Hxs/MLZTu/eHNJJuWPw=="
    },
    "reflect-metadata": {
      "version": "0.1.13",
      "resolved": "https://registry.npmjs.org/reflect-metadata/-/reflect-metadata-0.1.13.tgz",
      "integrity": "sha512-Ts1Y/anZELhSsjMcU605fU9RE4Oi3p5ORujwbIKXfWa+0Zxs510Qrmrce5/Jowq3cHSZSJqBjypxmHarc+vEWg=="
    },
    "web-atoms-amd-loader": {
      "version": "1.0.332",
      "resolved": "https://registry.npmjs.org/web-atoms-amd-loader/-/web-atoms-amd-loader-1.0.332.tgz",
      "integrity": "sha512-mPN19reoRQog3yVv86koxdxroxb9bJp3Z5moh9aKRZoYenDvo+UNmiuGaLYalZeDFWhOwo6c+J1jTtryIjsGZg=="
    },
    "web-atoms-core": {
      "version": "1.0.666",
      "resolved": "https://registry.npmjs.org/web-atoms-core/-/web-atoms-core-1.0.666.tgz",
      "integrity": "sha512-IUNFw1GuFRG2uAKxNcEdCQmYC55ThjuPyKIR9mQpCByyY2KE3MZ6ohP7lF+z5yPmDMPp2UlXOe4Bh33mhMFeDw==",
      "requires": {
        "golden-layout": "^1.5.9",
        "jquery": "^3.3.1",
        "reflect-metadata": "^0.1.13"
      }
    }
  }
}
