{
  "name": "@web-atoms/storage",
  "version": "1.0.13",
  "lockfileVersion": 1,
  "requires": true,
  "dependencies": {
    "@web-atoms/core": {
      "version": "1.1.64",
      "resolved": "https://registry.npmjs.org/@web-atoms/core/-/core-1.1.64.tgz",
      "integrity": "sha512-0EENnr91CkDiAk0vBjpxysCa0zgVXTTVkhYLYpymLmsensJ9JGIDRnIh33JFPOA+V8UD0Y1v7kwkXNoe+Snstg==",
      "requires": {
        "@web-atoms/date-time": "^1.0.21",
        "reflect-metadata": "^0.1.13"
      }
    },
    "@web-atoms/date-time": {
      "version": "1.0.22",
      "resolved": "https://registry.npmjs.org/@web-atoms/date-time/-/date-time-1.0.22.tgz",
      "integrity": "sha512-r8rCSARoL+x10z8TPcHgfQL0Ky+/QYhqd4EyXEiNNeKCV++xSFqJWfZ1RO5lNubrU3QklqqcbzQQD/h2077/cw=="
    },
    "@web-atoms/module-loader": {
      "version": "1.0.407",
      "resolved": "https://registry.npmjs.org/@web-atoms/module-loader/-/module-loader-1.0.407.tgz",
      "integrity": "sha512-CLv+PZhZlkaRZ/W19VBB3z6PyIBF9x3Bnnlm2rEXhFidp6H8ltDUIjkRMw7uFcHKILw0oBGnzZMzMhzGa5dIsg=="
    },
    "reflect-metadata": {
      "version": "0.1.13",
      "resolved": "https://registry.npmjs.org/reflect-metadata/-/reflect-metadata-0.1.13.tgz",
      "integrity": "sha512-Ts1Y/anZELhSsjMcU605fU9RE4Oi3p5ORujwbIKXfWa+0Zxs510Qrmrce5/Jowq3cHSZSJqBjypxmHarc+vEWg=="
    }
  }
}
